// !$*UTF8*$!
{
	archiveVersion = 1;
	classes = {
	};
	objectVersion = 48;
	objects = {

/* Begin PBXBuildFile section */
		CF61D494205579AD001526AC /* AppDelegate.m in Sources */ = {isa = PBXBuildFile; fileRef = CF61D493205579AD001526AC /* AppDelegate.m */; };
		CF61D497205579AD001526AC /* ViewController.m in Sources */ = {isa = PBXBuildFile; fileRef = CF61D496205579AD001526AC /* ViewController.m */; };
		CF61D49A205579AD001526AC /* Main.storyboard in Resources */ = {isa = PBXBuildFile; fileRef = CF61D498205579AD001526AC /* Main.storyboard */; };
		CF61D49C205579AD001526AC /* Assets.xcassets in Resources */ = {isa = PBXBuildFile; fileRef = CF61D49B205579AD001526AC /* Assets.xcassets */; };
		CF61D49F205579AD001526AC /* LaunchScreen.storyboard in Resources */ = {isa = PBXBuildFile; fileRef = CF61D49D205579AD001526AC /* LaunchScreen.storyboard */; };
		CF61D4A2205579AD001526AC /* main.m in Sources */ = {isa = PBXBuildFile; fileRef = CF61D4A1205579AD001526AC /* main.m */; };
		CF61D4AB205579C0001526AC /* BaseViewController.m in Sources */ = {isa = PBXBuildFile; fileRef = CF61D4A9205579C0001526AC /* BaseViewController.m */; };
/* End PBXBuildFile section */

/* Begin PBXFileReference section */
		CF61D48F205579AD001526AC /* KeyHandle.app */ = {isa = PBXFileReference; explicitFileType = wrapper.application; includeInIndex = 0; path = KeyHandle.app; sourceTree = BUILT_PRODUCTS_DIR; };
		CF61D492205579AD001526AC /* AppDelegate.h */ = {isa = PBXFileReference; lastKnownFileType = sourcecode.c.h; path = AppDelegate.h; sourceTree = "<group>"; };
		CF61D493205579AD001526AC /* AppDelegate.m */ = {isa = PBXFileReference; lastKnownFileType = sourcecode.c.objc; path = AppDelegate.m; sourceTree = "<group>"; };
		CF61D495205579AD001526AC /* ViewController.h */ = {isa = PBXFileReference; lastKnownFileType = sourcecode.c.h; path = ViewController.h; sourceTree = "<group>"; };
		CF61D496205579AD001526AC /* ViewController.m */ = {isa = PBXFileReference; lastKnownFileType = sourcecode.c.objc; path = ViewController.m; sourceTree = "<group>"; };
		CF61D499205579AD001526AC /* Base */ = {isa = PBXFileReference; lastKnownFileType = file.storyboard; name = Base; path = Base.lproj/Main.storyboard; sourceTree = "<group>"; };
		CF61D49B205579AD001526AC /* Assets.xcassets */ = {isa = PBXFileReference; lastKnownFileType = folder.assetcatalog; path = Assets.xcassets; sourceTree = "<group>"; };
		CF61D49E205579AD001526AC /* Base */ = {isa = PBXFileReference; lastKnownFileType = file.storyboard; name = Base; path = Base.lproj/LaunchScreen.storyboard; sourceTree = "<group>"; };
		CF61D4A0205579AD001526AC /* Info.plist */ = {isa = PBXFileReference; lastKnownFileType = text.plist.xml; path = Info.plist; sourceTree = "<group>"; };
		CF61D4A1205579AD001526AC /* main.m */ = {isa = PBXFileReference; lastKnownFileType = sourcecode.c.objc; path = main.m; sourceTree = "<group>"; };
		CF61D4A9205579C0001526AC /* BaseViewController.m */ = {isa = PBXFileReference; fileEncoding = 4; lastKnownFileType = sourcecode.c.objc; path = BaseViewController.m; sourceTree = "<group>"; };
		CF61D4AA205579C0001526AC /* BaseViewController.h */ = {isa = PBXFileReference; fileEncoding = 4; lastKnownFileType = sourcecode.c.h; path = BaseViewController.h; sourceTree = "<group>"; };
/* End PBXFileReference section */

/* Begin PBXFrameworksBuildPhase section */
		CF61D48C205579AD001526AC /* Frameworks */ = {
			isa = PBXFrameworksBuildPhase;
			buildActionMask = 2147483647;
			files = (
			);
			runOnlyForDeploymentPostprocessing = 0;
		};
/* End PBXFrameworksBuildPhase section */

/* Begin PBXGroup section */
		CF61D486205579AD001526AC = {
			isa = PBXGroup;
			children = (
				CF61D491205579AD001526AC /* KeyHandle */,
				CF61D490205579AD001526AC /* Products */,
			);
			sourceTree = "<group>";
		};
		CF61D490205579AD001526AC /* Products */ = {
			isa = PBXGroup;
			children = (
				CF61D48F205579AD001526AC /* KeyHandle.app */,
			);
			name = Products;
			sourceTree = "<group>";
		};
		CF61D491205579AD001526AC /* KeyHandle */ = {
			isa = PBXGroup;
			children = (
				CF61D4A8205579C0001526AC /* BaseViewController */,
				CF61D492205579AD001526AC /* AppDelegate.h */,
				CF61D493205579AD001526AC /* AppDelegate.m */,
				CF61D495205579AD001526AC /* ViewController.h */,
				CF61D496205579AD001526AC /* ViewController.m */,
				CF61D498205579AD001526AC /* Main.storyboard */,
				CF61D49B205579AD001526AC /* Assets.xcassets */,
				CF61D49D205579AD001526AC /* LaunchScreen.storyboard */,
				CF61D4A0205579AD001526AC /* Info.plist */,
				CF61D4A1205579AD001526AC /* main.m */,
			);
			path = KeyHandle;
			sourceTree = "<group>";
		};
		CF61D4A8205579C0001526AC /* BaseViewController */ = {
			isa = PBXGroup;
			children = (
				CF61D4AA205579C0001526AC /* BaseViewController.h */,
				CF61D4A9205579C0001526AC /* BaseViewController.m */,
			);
			path = BaseViewController;
			sourceTree = "<group>";
		};
/* End PBXGroup section */

/* Begin PBXNativeTarget section */
		CF61D48E205579AD001526AC /* KeyHandle */ = {
			isa = PBXNativeTarget;
			buildConfigurationList = CF61D4A5205579AD001526AC /* Build configuration list for PBXNativeTarget "KeyHandle" */;
			buildPhases = (
				CF61D48B205579AD001526AC /* Sources */,
				CF61D48C205579AD001526AC /* Frameworks */,
				CF61D48D205579AD001526AC /* Resources */,
			);
			buildRules = (
			);
			dependencies = (
			);
			name = KeyHandle;
			productName = KeyHandle;
			productReference = CF61D48F205579AD001526AC /* KeyHandle.app */;
			productType = "com.apple.product-type.application";
		};
/* End PBXNativeTarget section */

/* Begin PBXProject section */
		CF61D487205579AD001526AC /* Project object */ = {
			isa = PBXProject;
			attributes = {
				LastUpgradeCheck = 0920;
				ORGANIZATIONNAME = LHJ;
				TargetAttributes = {
					CF61D48E205579AD001526AC = {
						CreatedOnToolsVersion = 9.2;
						ProvisioningStyle = Automatic;
					};
				};
			};
			buildConfigurationList = CF61D48A205579AD001526AC /* Build configuration list for PBXProject "KeyHandle" */;
			compatibilityVersion = "Xcode 8.0";
			developmentRegion = en;
			hasScannedForEncodings = 0;
			knownRegions = (
				en,
				Base,
			);
			mainGroup = CF61D486205579AD001526AC;
			productRefGroup = CF61D490205579AD001526AC /* Products */;
			projectDirPath = "";
			projectRoot = "";
			targets = (
				CF61D48E205579AD001526AC /* KeyHandle */,
			);
		};
/* End PBXProject section */

/* Begin PBXResourcesBuildPhase section */
		CF61D48D205579AD001526AC /* Resources */ = {
			isa = PBXResourcesBuildPhase;
			buildActionMask = 2147483647;
			files = (
				CF61D49F205579AD001526AC /* LaunchScreen.storyboard in Resources */,
				CF61D49C205579AD001526AC /* Assets.xcassets in Resources */,
				CF61D49A205579AD001526AC /* Main.storyboard in Resources */,
			);
			runOnlyForDeploymentPostprocessing = 0;
		};
/* End PBXResourcesBuildPhase section */

/* Begin PBXSourcesBuildPhase section */
		CF61D48B205579AD001526AC /* Sources */ = {
			isa = PBXSourcesBuildPhase;
			buildActionMask = 2147483647;
			files = (
				CF61D497205579AD001526AC /* ViewController.m in Sources */,
				CF61D4AB205579C0001526AC /* BaseViewController.m in Sources */,
				CF61D4A2205579AD001526AC /* main.m in Sources */,
				CF61D494205579AD001526AC /* AppDelegate.m in Sources */,
			);
			runOnlyForDeploymentPostprocessing = 0;
		};
/* End PBXSourcesBuildPhase section */

/* Begin PBXVariantGroup section */
		CF61D498205579AD001526AC /* Main.storyboard */ = {
			isa = PBXVariantGroup;
			children = (
				CF61D499205579AD001526AC /* Base */,
			);
			name = Main.storyboard;
			sourceTree = "<group>";
		};
		CF61D49D205579AD001526AC /* LaunchScreen.storyboard */ = {
			isa = PBXVariantGroup;
			children = (
				CF61D49E205579AD001526AC /* Base */,
			);
			name = LaunchScreen.storyboard;
			sourceTree = "<group>";
		};
/* End PBXVariantGroup section */

/* Begin XCBuildConfiguration section */
		CF61D4A3205579AD001526AC /* Debug */ = {
			isa = XCBuildConfiguration;
			buildSettings = {
				ALWAYS_SEARCH_USER_PATHS = NO;
				CLANG_ANALYZER_NONNULL = YES;
				CLANG_ANALYZER_NUMBER_OBJECT_CONVERSION = YES_AGGRESSIVE;
				CLANG_CXX_LANGUAGE_STANDARD = "gnu++14";
				CLANG_CXX_LIBRARY = "libc++";
				CLANG_ENABLE_MODULES = YES;
				CLANG_ENABLE_OBJC_ARC = YES;
				CLANG_WARN_BLOCK_CAPTURE_AUTORELEASING = YES;
				CLANG_WARN_BOOL_CONVERSION = YES;
				CLANG_WARN_COMMA = YES;
				CLANG_WARN_CONSTANT_CONVERSION = YES;
				CLANG_WARN_DIRECT_OBJC_ISA_USAGE = YES_ERROR;
				CLANG_WARN_DOCUMENTATION_COMMENTS = YES;
				CLANG_WARN_EMPTY_BODY = YES;
				CLANG_WARN_ENUM_CONVERSION = YES;
				CLANG_WARN_INFINITE_RECURSION = YES;
				CLANG_WARN_INT_CONVERSION = YES;
				CLANG_WARN_NON_LITERAL_NULL_CONVERSION = YES;
				CLANG_WARN_OBJC_LITERAL_CONVERSION = YES;
				CLANG_WARN_OBJC_ROOT_CLASS = YES_ERROR;
				CLANG_WARN_RANGE_LOOP_ANALYSIS = YES;
				CLANG_WARN_STRICT_PROTOTYPES = YES;
				CLANG_WARN_SUSPICIOUS_MOVE = YES;
				CLANG_WARN_UNGUARDED_AVAILABILITY = YES_AGGRESSIVE;
				CLANG_WARN_UNREACHABLE_CODE = YES;
				CLANG_WARN__DUPLICATE_METHOD_MATCH = YES;
				CODE_SIGN_IDENTITY = "iPhone Developer";
				COPY_PHASE_STRIP = NO;
				DEBUG_INFORMATION_FORMAT = dwarf;
				ENABLE_STRICT_OBJC_MSGSEND = YES;
				ENABLE_TESTABILITY = YES;
				GCC_C_LANGUAGE_STANDARD = gnu11;
				GCC_DYNAMIC_NO_PIC = NO;
				GCC_NO_COMMON_BLOCKS = YES;
				GCC_OPTIMIZATION_LEVEL = 0;
				GCC_PREPROCESSOR_DEFINITIONS = (
					"DEBUG=1",
					"$(inherited)",
				);
				GCC_WARN_64_TO_32_BIT_CONVERSION = YES;
				GCC_WARN_ABOUT_RETURN_TYPE = YES_ERROR;
				GCC_WARN_UNDECLARED_SELECTOR = YES;
				GCC_WARN_UNINITIALIZED_AUTOS = YES_AGGRESSIVE;
				GCC_WARN_UNUSED_FUNCTION = YES;
				GCC_WARN_UNUSED_VARIABLE = YES;
				IPHONEOS_DEPLOYMENT_TARGET = 11.2;
				MTL_ENABLE_DEBUG_INFO = YES;
				ONLY_ACTIVE_ARCH = YES;
				SDKROOT = iphoneos;
			};
			name = Debug;
		};
		CF61D4A4205579AD001526AC /* Release */ = {
			isa = XCBuildConfiguration;
			buildSettings = {
				ALWAYS_SEARCH_USER_PATHS = NO;
				CLANG_ANALYZER_NONNULL = YES;
				CLANG_ANALYZER_NUMBER_OBJECT_CONVERSION = YES_AGGRESSIVE;
				CLANG_CXX_LANGUAGE_STANDARD = "gnu++14";
				CLANG_CXX_LIBRARY = "libc++";
				CLANG_ENABLE_MODULES = YES;
				CLANG_ENABLE_OBJC_ARC = YES;
				CLANG_WARN_BLOCK_CAPTURE_AUTORELEASING = YES;
				CLANG_WARN_BOOL_CONVERSION = YES;
				CLANG_WARN_COMMA = YES;
				CLANG_WARN_CONSTANT_CONVERSION = YES;
				CLANG_WARN_DIRECT_OBJC_ISA_USAGE = YES_ERROR;
				CLANG_WARN_DOCUMENTATION_COMMENTS = YES;
				CLANG_WARN_EMPTY_BODY = YES;
				CLANG_WARN_ENUM_CONVERSION = YES;
				CLANG_WARN_INFINITE_RECURSION = YES;
				CLANG_WARN_INT_CONVERSION = YES;
				CLANG_WARN_NON_LITERAL_NULL_CONVERSION = YES;
				CLANG_WARN_OBJC_LITERAL_CONVERSION = YES;
				CLANG_WARN_OBJC_ROOT_CLASS = YES_ERROR;
				CLANG_WARN_RANGE_LOOP_ANALYSIS = YES;
				CLANG_WARN_STRICT_PROTOTYPES = YES;
				CLANG_WARN_SUSPICIOUS_MOVE = YES;
				CLANG_WARN_UNGUARDED_AVAILABILITY = YES_AGGRESSIVE;
				CLANG_WARN_UNREACHABLE_CODE = YES;
				CLANG_WARN__DUPLICATE_METHOD_MATCH = YES;
				CODE_SIGN_IDENTITY = "iPhone Developer";
				COPY_PHASE_STRIP = NO;
				DEBUG_INFORMATION_FORMAT = "dwarf-with-dsym";
				ENABLE_NS_ASSERTIONS = NO;
				ENABLE_STRICT_OBJC_MSGSEND = YES;
				GCC_C_LANGUAGE_STANDARD = gnu11;
				GCC_NO_COMMON_BLOCKS = YES;
				GCC_WARN_64_TO_32_BIT_CONVERSION = YES;
				GCC_WARN_ABOUT_RETURN_TYPE = YES_ERROR;
				GCC_WARN_UNDECLARED_SELECTOR = YES;
				GCC_WARN_UNINITIALIZED_AUTOS = YES_AGGRESSIVE;
				GCC_WARN_UNUSED_FUNCTION = YES;
				GCC_WARN_UNUSED_VARIABLE = YES;
				IPHONEOS_DEPLOYMENT_TARGET = 11.2;
				MTL_ENABLE_DEBUG_INFO = NO;
				SDKROOT = iphoneos;
				VALIDATE_PRODUCT = YES;
			};
			name = Release;
		};
		CF61D4A6205579AD001526AC /* Debug */ = {
			isa = XCBuildConfiguration;
			buildSettings = {
				ASSETCATALOG_COMPILER_APPICON_NAME = AppIcon;
				CODE_SIGN_STYLE = Automatic;
				DEVELOPMENT_TEAM = FZ2HATAYD4;
				INFOPLIST_FILE = KeyHandle/Info.plist;
				LD_RUNPATH_SEARCH_PATHS = "$(inherited) @executable_path/Frameworks";
				PRODUCT_BUNDLE_IDENTIFIER = com.lhj.KeyHandle;
				PRODUCT_NAME = "$(TARGET_NAME)";
				TARGETED_DEVICE_FAMILY = "1,2";
			};
			name = Debug;
		};
		CF61D4A7205579AD001526AC /* Release */ = {
			isa = XCBuildConfiguration;
			buildSettings = {
				ASSETCATALOG_COMPILER_APPICON_NAME = AppIcon;
				CODE_SIGN_STYLE = Automatic;
				DEVELOPMENT_TEAM = FZ2HATAYD4;
				INFOPLIST_FILE = KeyHandle/Info.plist;
				LD_RUNPATH_SEARCH_PATHS = "$(inherited) @executable_path/Frameworks";
				PRODUCT_BUNDLE_IDENTIFIER = com.lhj.KeyHandle;
				PRODUCT_NAME = "$(TARGET_NAME)";
				TARGETED_DEVICE_FAMILY = "1,2";
			};
			name = Release;
		};
/* End XCBuildConfiguration section */

/* Begin XCConfigurationList section */
		CF61D48A205579AD001526AC /* Build configuration list for PBXProject "KeyHandle" */ = {
			isa = XCConfigurationList;
			buildConfigurations = (
				CF61D4A3205579AD001526AC /* Debug */,
				CF61D4A4205579AD001526AC /* Release */,
			);
			defaultConfigurationIsVisible = 0;
			defaultConfigurationName = Release;
		};
		CF61D4A5205579AD001526AC /* Build configuration list for PBXNativeTarget "KeyHandle" */ = {
			isa = XCConfigurationList;
			buildConfigurations = (
				CF61D4A6205579AD001526AC /* Debug */,
				CF61D4A7205579AD001526AC /* Release */,
			);
			defaultConfigurationIsVisible = 0;
			defaultConfigurationName = Release;
		};
/* End XCConfigurationList section */
	};
	rootObject = CF61D487205579AD001526AC /* Project object */;
}
